
Microsoft Visual Studio Solution File, Format Version 12.00
# Visual Studio Version 16
VisualStudioVersion = 16.0.30128.74
MinimumVisualStudioVersion = 10.0.40219.1
Project("{FAE04EC0-301F-11D3-BF4B-00C04F79EFBC}") = "PackageWorkshop.Site", ".website\PackageWorkshop.Site.csproj", "{67be402f-d125-4f3e-a5c5-e921b4d16e5c}"
EndProject
Project("{9A19103F-16F7-4668-BE54-9A1E7A4F7556}") = "PackageWorkshop", "src\PackageWorkshop\PackageWorkshop.csproj", "{06c3a5a1-ac95-4b2e-a138-848df06e495a}"
EndProject
Global
	GlobalSection(SolutionConfigurationPlatforms) = preSolution
		Debug|Any CPU = Debug|Any CPU
		Release|Any CPU = Release|Any CPU
	EndGlobalSection
	GlobalSection(ProjectConfigurationPlatforms) = postSolution
		{67be402f-d125-4f3e-a5c5-e921b4d16e5c}.Debug|Any CPU.ActiveCfg = Debug|Any CPU
		{67be402f-d125-4f3e-a5c5-e921b4d16e5c}.Debug|Any CPU.Build.0 = Debug|Any CPU
		{67be402f-d125-4f3e-a5c5-e921b4d16e5c}.Release|Any CPU.ActiveCfg = Release|Any CPU
		{67be402f-d125-4f3e-a5c5-e921b4d16e5c}.Release|Any CPU.Build.0 = Release|Any CPU
		{06c3a5a1-ac95-4b2e-a138-848df06e495a}.Debug|Any CPU.ActiveCfg = Debug|Any CPU
		{06c3a5a1-ac95-4b2e-a138-848df06e495a}.Debug|Any CPU.Build.0 = Debug|Any CPU
		{06c3a5a1-ac95-4b2e-a138-848df06e495a}.Release|Any CPU.ActiveCfg = Release|Any CPU
		{06c3a5a1-ac95-4b2e-a138-848df06e495a}.Release|Any CPU.Build.0 = Release|Any CPU
	EndGlobalSection
	GlobalSection(SolutionProperties) = preSolution
		HideSolutionNode = FALSE
	EndGlobalSection
	GlobalSection(ExtensibilityGlobals) = postSolution
		SolutionGuid = {0A4335E4-0198-4777-9409-64E22F1F8F2C}
	EndGlobalSection
EndGlobal
